{
  "name": "collab",
  "version": "1.0.0",
  "lockfileVersion": 1,
  "requires": true,
  "dependencies": {
    "@convergence/color-assigner": {
      "version": "0.3.0",
      "resolved": "https://registry.npmjs.org/@convergence/color-assigner/-/color-assigner-0.3.0.tgz",
      "integrity": "sha512-h+YZjqW6GfFOwSyZpH7KT+a7VrvXt2suZeBL2d0Wcd4kONDwtuVtyzKowLyikrobDJctAu/RhtW7CjhvEJL+CQ==",
      "dev": true,
      "requires": {
        "csscolorparser": "1.0.3"
      }
    },
    "@convergencelabs/ace-collab-ext": {
      "version": "0.5.0",
      "resolved": "https://registry.npmjs.org/@convergencelabs/ace-collab-ext/-/ace-collab-ext-0.5.0.tgz",
      "integrity": "sha512-qrekoqRNfK6tqwy4vQqdas/T06QwcNdZ/kFYTfTHDZvRTyiFfXT0i94yC94dnO848hT2u3QbJxISv5JaY34XJw==",
      "dev": true,
      "requires": {
        "ace-builds": "1.4.12"
      }
    },
    "ace-builds": {
      "version": "1.4.12",
      "resolved": "https://registry.npmjs.org/ace-builds/-/ace-builds-1.4.12.tgz",
      "integrity": "sha512-G+chJctFPiiLGvs3+/Mly3apXTcfgE45dT5yp12BcWZ1kUs+gm0qd3/fv4gsz6fVag4mM0moHVpjHDIgph6Psg==",
      "dev": true
    },
    "csscolorparser": {
      "version": "1.0.3",
      "resolved": "https://registry.npmjs.org/csscolorparser/-/csscolorparser-1.0.3.tgz",
      "integrity": "sha1-s085HupNqPPpgjHizNjfnAQfFxs=",
      "dev": true
    }
  }
}
